
Microsoft Visual Studio Solution File, Format Version 12.00
# Visual Studio 15
VisualStudioVersion = 15.0.28307.705
MinimumVisualStudioVersion = 10.0.40219.1
Project("{FAE04EC0-301F-11D3-BF4B-00C04F79EFBC}") = "Haushaltbuch", "Haushaltbuch\Haushaltbuch.csproj", "{62312516-1304-4659-B2BD-55F098AB4796}"
EndProject
Global
	GlobalSection(SolutionConfigurationPlatforms) = preSolution
		Debug|Any CPU = Debug|Any CPU
		Release|Any CPU = Release|Any CPU
	EndGlobalSection
	GlobalSection(ProjectConfigurationPlatforms) = postSolution
		{62312516-1304-4659-B2BD-55F098AB4796}.Debug|Any CPU.ActiveCfg = Debug|Any CPU
		{62312516-1304-4659-B2BD-55F098AB4796}.Debug|Any CPU.Build.0 = Debug|Any CPU
		{62312516-1304-4659-B2BD-55F098AB4796}.Release|Any CPU.ActiveCfg = Release|Any CPU
		{62312516-1304-4659-B2BD-55F098AB4796}.Release|Any CPU.Build.0 = Release|Any CPU
	EndGlobalSection
	GlobalSection(SolutionProperties) = preSolution
		HideSolutionNode = FALSE
	EndGlobalSection
	GlobalSection(ExtensibilityGlobals) = postSolution
		SolutionGuid = {09207AD5-D77B-488A-BEA8-4C3014D1B019}
	EndGlobalSection
EndGlobal
